
Microsoft Visual Studio Solution File, Format Version 12.00
# Visual Studio Version 17
VisualStudioVersion = 17.8.34322.80
MinimumVisualStudioVersion = 10.0.40219.1
Project("{FAE04EC0-301F-11D3-BF4B-00C04F79EFBC}") = "Lab2CSha", "Lab2CSha\Lab2CSha.csproj", "{E4FBD5D2-1AE0-47EC-B5BB-30B8CB0A6E48}"
EndProject
Global
	GlobalSection(SolutionConfigurationPlatforms) = preSolution
		Debug|Any CPU = Debug|Any CPU
		Release|Any CPU = Release|Any CPU
	EndGlobalSection
	GlobalSection(ProjectConfigurationPlatforms) = postSolution
		{E4FBD5D2-1AE0-47EC-B5BB-30B8CB0A6E48}.Debug|Any CPU.ActiveCfg = Debug|Any CPU
		{E4FBD5D2-1AE0-47EC-B5BB-30B8CB0A6E48}.Debug|Any CPU.Build.0 = Debug|Any CPU
		{E4FBD5D2-1AE0-47EC-B5BB-30B8CB0A6E48}.Release|Any CPU.ActiveCfg = Release|Any CPU
		{E4FBD5D2-1AE0-47EC-B5BB-30B8CB0A6E48}.Release|Any CPU.Build.0 = Release|Any CPU
	EndGlobalSection
	GlobalSection(SolutionProperties) = preSolution
		HideSolutionNode = FALSE
	EndGlobalSection
	GlobalSection(ExtensibilityGlobals) = postSolution
		SolutionGuid = {922B1B37-6F94-4CAD-B662-34B2E7896C5D}
	EndGlobalSection
EndGlobal
